// !$*UTF8*$!
{
	archiveVersion = 1;
	classes = {
	};
	objectVersion = 55;
	objects = {

/* Begin PBXBuildFile section */
		0230F305283FC9C20078165D /* ChatViewController.swift in Sources */ = {isa = PBXBuildFile; fileRef = 0230F304283FC9C20078165D /* ChatViewController.swift */; };
		02707E8728380ED7006693C6 /* AppDelegate.swift in Sources */ = {isa = PBXBuildFile; fileRef = 02707E8628380ED7006693C6 /* AppDelegate.swift */; };
		02707E8928380ED7006693C6 /* SceneDelegate.swift in Sources */ = {isa = PBXBuildFile; fileRef = 02707E8828380ED7006693C6 /* SceneDelegate.swift */; };
		02707E8B28380ED7006693C6 /* LoginViewController.swift in Sources */ = {isa = PBXBuildFile; fileRef = 02707E8A28380ED7006693C6 /* LoginViewController.swift */; };
		02707E8E28380ED7006693C6 /* Main.storyboard in Resources */ = {isa = PBXBuildFile; fileRef = 02707E8C28380ED7006693C6 /* Main.storyboard */; };
		02707E9128380ED7006693C6 /* MessagingApplication.xcdatamodeld in Sources */ = {isa = PBXBuildFile; fileRef = 02707E8F28380ED7006693C6 /* MessagingApplication.xcdatamodeld */; };
		02707E9328380ED9006693C6 /* Assets.xcassets in Resources */ = {isa = PBXBuildFile; fileRef = 02707E9228380ED9006693C6 /* Assets.xcassets */; };
		02707E9628380ED9006693C6 /* LaunchScreen.storyboard in Resources */ = {isa = PBXBuildFile; fileRef = 02707E9428380ED9006693C6 /* LaunchScreen.storyboard */; };
		02707EA128380ED9006693C6 /* MessagingApplicationTests.swift in Sources */ = {isa = PBXBuildFile; fileRef = 02707EA028380ED9006693C6 /* MessagingApplicationTests.swift */; };
		02707EAB28380ED9006693C6 /* MessagingApplicationUITests.swift in Sources */ = {isa = PBXBuildFile; fileRef = 02707EAA28380ED9006693C6 /* MessagingApplicationUITests.swift */; };
		02707EAD28380ED9006693C6 /* MessagingApplicationUITestsLaunchTests.swift in Sources */ = {isa = PBXBuildFile; fileRef = 02707EAC28380ED9006693C6 /* MessagingApplicationUITestsLaunchTests.swift */; };
		02707EBA28380F24006693C6 /* GoogleService-Info.plist in Resources */ = {isa = PBXBuildFile; fileRef = 02707EB928380F24006693C6 /* GoogleService-Info.plist */; };
		02849E362846A8C000FC9668 /* MessageKit in Frameworks */ = {isa = PBXBuildFile; productRef = 02849E352846A8C000FC9668 /* MessageKit */; };
		6355CFAC68AE4001C533E802 /* Pods_MessagingApplication.framework in Frameworks */ = {isa = PBXBuildFile; fileRef = A350F60225B0F23ADBC9EB07 /* Pods_MessagingApplication.framework */; };
/* End PBXBuildFile section */

/* Begin PBXContainerItemProxy section */
		02707E9D28380ED9006693C6 /* PBXContainerItemProxy */ = {
			isa = PBXContainerItemProxy;
			containerPortal = 02707E7B28380ED7006693C6 /* Project object */;
			proxyType = 1;
			remoteGlobalIDString = 02707E8228380ED7006693C6;
			remoteInfo = MessagingApplication;
		};
		02707EA728380ED9006693C6 /* PBXContainerItemProxy */ = {
			isa = PBXContainerItemProxy;
			containerPortal = 02707E7B28380ED7006693C6 /* Project object */;
			proxyType = 1;
			remoteGlobalIDString = 02707E8228380ED7006693C6;
			remoteInfo = MessagingApplication;
		};
/* End PBXContainerItemProxy section */

/* Begin PBXFileReference section */
		0230F304283FC9C20078165D /* ChatViewController.swift */ = {isa = PBXFileReference; lastKnownFileType = sourcecode.swift; path = ChatViewController.swift; sourceTree = "<group>"; };
		02707E8328380ED7006693C6 /* MessagingApplication.app */ = {isa = PBXFileReference; explicitFileType = wrapper.application; includeInIndex = 0; path = MessagingApplication.app; sourceTree = BUILT_PRODUCTS_DIR; };
		02707E8628380ED7006693C6 /* AppDelegate.swift */ = {isa = PBXFileReference; lastKnownFileType = sourcecode.swift; path = AppDelegate.swift; sourceTree = "<group>"; };
		02707E8828380ED7006693C6 /* SceneDelegate.swift */ = {isa = PBXFileReference; lastKnownFileType = sourcecode.swift; path = SceneDelegate.swift; sourceTree = "<group>"; };
		02707E8A28380ED7006693C6 /* LoginViewController.swift */ = {isa = PBXFileReference; lastKnownFileType = sourcecode.swift; path = LoginViewController.swift; sourceTree = "<group>"; };
		02707E8D28380ED7006693C6 /* Base */ = {isa = PBXFileReference; lastKnownFileType = file.storyboard; name = Base; path = Base.lproj/Main.storyboard; sourceTree = "<group>"; };
		02707E9028380ED7006693C6 /* MessagingApplication.xcdatamodel */ = {isa = PBXFileReference; lastKnownFileType = wrapper.xcdatamodel; path = MessagingApplication.xcdatamodel; sourceTree = "<group>"; };
		02707E9228380ED9006693C6 /* Assets.xcassets */ = {isa = PBXFileReference; lastKnownFileType = folder.assetcatalog; path = Assets.xcassets; sourceTree = "<group>"; };
		02707E9528380ED9006693C6 /* Base */ = {isa = PBXFileReference; lastKnownFileType = file.storyboard; name = Base; path = Base.lproj/LaunchScreen.storyboard; sourceTree = "<group>"; };
		02707E9728380ED9006693C6 /* Info.plist */ = {isa = PBXFileReference; lastKnownFileType = text.plist.xml; path = Info.plist; sourceTree = "<group>"; };
		02707E9C28380ED9006693C6 /* MessagingApplicationTests.xctest */ = {isa = PBXFileReference; explicitFileType = wrapper.cfbundle; includeInIndex = 0; path = MessagingApplicationTests.xctest; sourceTree = BUILT_PRODUCTS_DIR; };
		02707EA028380ED9006693C6 /* MessagingApplicationTests.swift */ = {isa = PBXFileReference; lastKnownFileType = sourcecode.swift; path = MessagingApplicationTests.swift; sourceTree = "<group>"; };
		02707EA628380ED9006693C6 /* MessagingApplicationUITests.xctest */ = {isa = PBXFileReference; explicitFileType = wrapper.cfbundle; includeInIndex = 0; path = MessagingApplicationUITests.xctest; sourceTree = BUILT_PRODUCTS_DIR; };
		02707EAA28380ED9006693C6 /* MessagingApplicationUITests.swift */ = {isa = PBXFileReference; lastKnownFileType = sourcecode.swift; path = MessagingApplicationUITests.swift; sourceTree = "<group>"; };
		02707EAC28380ED9006693C6 /* MessagingApplicationUITestsLaunchTests.swift */ = {isa = PBXFileReference; lastKnownFileType = sourcecode.swift; path = MessagingApplicationUITestsLaunchTests.swift; sourceTree = "<group>"; };
		02707EB928380F24006693C6 /* GoogleService-Info.plist */ = {isa = PBXFileReference; fileEncoding = 4; lastKnownFileType = text.plist.xml; path = "GoogleService-Info.plist"; sourceTree = "<group>"; };
		1FAD5A52DD43EF93284E4530 /* Pods-MessagingApplication.release.xcconfig */ = {isa = PBXFileReference; includeInIndex = 1; lastKnownFileType = text.xcconfig; name = "Pods-MessagingApplication.release.xcconfig"; path = "Target Support Files/Pods-MessagingApplication/Pods-MessagingApplication.release.xcconfig"; sourceTree = "<group>"; };
		A350F60225B0F23ADBC9EB07 /* Pods_MessagingApplication.framework */ = {isa = PBXFileReference; explicitFileType = wrapper.framework; includeInIndex = 0; path = Pods_MessagingApplication.framework; sourceTree = BUILT_PRODUCTS_DIR; };
		F6CAFCA4A3247AE0020D00BC /* Pods-MessagingApplication.debug.xcconfig */ = {isa = PBXFileReference; includeInIndex = 1; lastKnownFileType = text.xcconfig; name = "Pods-MessagingApplication.debug.xcconfig"; path = "Target Support Files/Pods-MessagingApplication/Pods-MessagingApplication.debug.xcconfig"; sourceTree = "<group>"; };
/* End PBXFileReference section */

/* Begin PBXFrameworksBuildPhase section */
		02707E8028380ED7006693C6 /* Frameworks */ = {
			isa = PBXFrameworksBuildPhase;
			buildActionMask = 2147483647;
			files = (
				6355CFAC68AE4001C533E802 /* Pods_MessagingApplication.framework in Frameworks */,
				02849E362846A8C000FC9668 /* MessageKit in Frameworks */,
			);
			runOnlyForDeploymentPostprocessing = 0;
		};
		02707E9928380ED9006693C6 /* Frameworks */ = {
			isa = PBXFrameworksBuildPhase;
			buildActionMask = 2147483647;
			files = (
			);
			runOnlyForDeploymentPostprocessing = 0;
		};
		02707EA328380ED9006693C6 /* Frameworks */ = {
			isa = PBXFrameworksBuildPhase;
			buildActionMask = 2147483647;
			files = (
			);
			runOnlyForDeploymentPostprocessing = 0;
		};
/* End PBXFrameworksBuildPhase section */

/* Begin PBXGroup section */
		02707E7A28380ED7006693C6 = {
			isa = PBXGroup;
			children = (
				02707E8528380ED7006693C6 /* MessagingApplication */,
				02707E9F28380ED9006693C6 /* MessagingApplicationTests */,
				02707EA928380ED9006693C6 /* MessagingApplicationUITests */,
				02707E8428380ED7006693C6 /* Products */,
				342D729F2609EB2784714A72 /* Pods */,
				8FC3EFC77E3A87FE86E877B0 /* Frameworks */,
			);
			sourceTree = "<group>";
		};
		02707E8428380ED7006693C6 /* Products */ = {
			isa = PBXGroup;
			children = (
				02707E8328380ED7006693C6 /* MessagingApplication.app */,
				02707E9C28380ED9006693C6 /* MessagingApplicationTests.xctest */,
				02707EA628380ED9006693C6 /* MessagingApplicationUITests.xctest */,
			);
			name = Products;
			sourceTree = "<group>";
		};
		02707E8528380ED7006693C6 /* MessagingApplication */ = {
			isa = PBXGroup;
			children = (
				02707E8628380ED7006693C6 /* AppDelegate.swift */,
				02707E8828380ED7006693C6 /* SceneDelegate.swift */,
				02707E8A28380ED7006693C6 /* LoginViewController.swift */,
				0230F304283FC9C20078165D /* ChatViewController.swift */,
				02707E8C28380ED7006693C6 /* Main.storyboard */,
				02707E9228380ED9006693C6 /* Assets.xcassets */,
				02707E9428380ED9006693C6 /* LaunchScreen.storyboard */,
				02707E9728380ED9006693C6 /* Info.plist */,
				02707EB928380F24006693C6 /* GoogleService-Info.plist */,
				02707E8F28380ED7006693C6 /* MessagingApplication.xcdatamodeld */,
			);
			path = MessagingApplication;
			sourceTree = "<group>";
		};
		02707E9F28380ED9006693C6 /* MessagingApplicationTests */ = {
			isa = PBXGroup;
			children = (
				02707EA028380ED9006693C6 /* MessagingApplicationTests.swift */,
			);
			path = MessagingApplicationTests;
			sourceTree = "<group>";
		};
		02707EA928380ED9006693C6 /* MessagingApplicationUITests */ = {
			isa = PBXGroup;
			children = (
				02707EAA28380ED9006693C6 /* MessagingApplicationUITests.swift */,
				02707EAC28380ED9006693C6 /* MessagingApplicationUITestsLaunchTests.swift */,
			);
			path = MessagingApplicationUITests;
			sourceTree = "<group>";
		};
		342D729F2609EB2784714A72 /* Pods */ = {
			isa = PBXGroup;
			children = (
				F6CAFCA4A3247AE0020D00BC /* Pods-MessagingApplication.debug.xcconfig */,
				1FAD5A52DD43EF93284E4530 /* Pods-MessagingApplication.release.xcconfig */,
			);
			path = Pods;
			sourceTree = "<group>";
		};
		8FC3EFC77E3A87FE86E877B0 /* Frameworks */ = {
			isa = PBXGroup;
			children = (
				A350F60225B0F23ADBC9EB07 /* Pods_MessagingApplication.framework */,
			);
			name = Frameworks;
			sourceTree = "<group>";
		};
/* End PBXGroup section */

/* Begin PBXNativeTarget section */
		02707E8228380ED7006693C6 /* MessagingApplication */ = {
			isa = PBXNativeTarget;
			buildConfigurationList = 02707EB028380ED9006693C6 /* Build configuration list for PBXNativeTarget "MessagingApplication" */;
			buildPhases = (
				449FAB74553F90693C7F6DA1 /* [CP] Check Pods Manifest.lock */,
				02707E7F28380ED7006693C6 /* Sources */,
				02707E8028380ED7006693C6 /* Frameworks */,
				02707E8128380ED7006693C6 /* Resources */,
				275E888343666FF98671B9C8 /* [CP] Embed Pods Frameworks */,
			);
			buildRules = (
			);
			dependencies = (
			);
			name = MessagingApplication;
			packageProductDependencies = (
				02849E352846A8C000FC9668 /* MessageKit */,
			);
			productName = MessagingApplication;
			productReference = 02707E8328380ED7006693C6 /* MessagingApplication.app */;
			productType = "com.apple.product-type.application";
		};
		02707E9B28380ED9006693C6 /* MessagingApplicationTests */ = {
			isa = PBXNativeTarget;
			buildConfigurationList = 02707EB328380ED9006693C6 /* Build configuration list for PBXNativeTarget "MessagingApplicationTests" */;
			buildPhases = (
				02707E9828380ED9006693C6 /* Sources */,
				02707E9928380ED9006693C6 /* Frameworks */,
				02707E9A28380ED9006693C6 /* Resources */,
			);
			buildRules = (
			);
			dependencies = (
				02707E9E28380ED9006693C6 /* PBXTargetDependency */,
			);
			name = MessagingApplicationTests;
			productName = MessagingApplicationTests;
			productReference = 02707E9C28380ED9006693C6 /* MessagingApplicationTests.xctest */;
			productType = "com.apple.product-type.bundle.unit-test";
		};
		02707EA528380ED9006693C6 /* MessagingApplicationUITests */ = {
			isa = PBXNativeTarget;
			buildConfigurationList = 02707EB628380ED9006693C6 /* Build configuration list for PBXNativeTarget "MessagingApplicationUITests" */;
			buildPhases = (
				02707EA228380ED9006693C6 /* Sources */,
				02707EA328380ED9006693C6 /* Frameworks */,
				02707EA428380ED9006693C6 /* Resources */,
			);
			buildRules = (
			);
			dependencies = (
				02707EA828380ED9006693C6 /* PBXTargetDependency */,
			);
			name = MessagingApplicationUITests;
			productName = MessagingApplicationUITests;
			productReference = 02707EA628380ED9006693C6 /* MessagingApplicationUITests.xctest */;
			productType = "com.apple.product-type.bundle.ui-testing";
		};
/* End PBXNativeTarget section */

/* Begin PBXProject section */
		02707E7B28380ED7006693C6 /* Project object */ = {
			isa = PBXProject;
			attributes = {
				BuildIndependentTargetsInParallel = 1;
				LastSwiftUpdateCheck = 1330;
				LastUpgradeCheck = 1330;
				TargetAttributes = {
					02707E8228380ED7006693C6 = {
						CreatedOnToolsVersion = 13.3.1;
					};
					02707E9B28380ED9006693C6 = {
						CreatedOnToolsVersion = 13.3.1;
						TestTargetID = 02707E8228380ED7006693C6;
					};
					02707EA528380ED9006693C6 = {
						CreatedOnToolsVersion = 13.3.1;
						TestTargetID = 02707E8228380ED7006693C6;
					};
				};
			};
			buildConfigurationList = 02707E7E28380ED7006693C6 /* Build configuration list for PBXProject "MessagingApplication" */;
			compatibilityVersion = "Xcode 13.0";
			developmentRegion = en;
			hasScannedForEncodings = 0;
			knownRegions = (
				en,
				Base,
			);
			mainGroup = 02707E7A28380ED7006693C6;
			packageReferences = (
				02849E342846A8C000FC9668 /* XCRemoteSwiftPackageReference "MessageKit" */,
			);
			productRefGroup = 02707E8428380ED7006693C6 /* Products */;
			projectDirPath = "";
			projectRoot = "";
			targets = (
				02707E8228380ED7006693C6 /* MessagingApplication */,
				02707E9B28380ED9006693C6 /* MessagingApplicationTests */,
				02707EA528380ED9006693C6 /* MessagingApplicationUITests */,
			);
		};
/* End PBXProject section */

/* Begin PBXResourcesBuildPhase section */
		02707E8128380ED7006693C6 /* Resources */ = {
			isa = PBXResourcesBuildPhase;
			buildActionMask = 2147483647;
			files = (
				02707E9628380ED9006693C6 /* LaunchScreen.storyboard in Resources */,
				02707EBA28380F24006693C6 /* GoogleService-Info.plist in Resources */,
				02707E9328380ED9006693C6 /* Assets.xcassets in Resources */,
				02707E8E28380ED7006693C6 /* Main.storyboard in Resources */,
			);
			runOnlyForDeploymentPostprocessing = 0;
		};
		02707E9A28380ED9006693C6 /* Resources */ = {
			isa = PBXResourcesBuildPhase;
			buildActionMask = 2147483647;
			files = (
			);
			runOnlyForDeploymentPostprocessing = 0;
		};
		02707EA428380ED9006693C6 /* Resources */ = {
			isa = PBXResourcesBuildPhase;
			buildActionMask = 2147483647;
			files = (
			);
			runOnlyForDeploymentPostprocessing = 0;
		};
/* End PBXResourcesBuildPhase section */

/* Begin PBXShellScriptBuildPhase section */
		275E888343666FF98671B9C8 /* [CP] Embed Pods Frameworks */ = {
			isa = PBXShellScriptBuildPhase;
			buildActionMask = 2147483647;
			files = (
			);
			inputFileListPaths = (
				"${PODS_ROOT}/Target Support Files/Pods-MessagingApplication/Pods-MessagingApplication-frameworks-${CONFIGURATION}-input-files.xcfilelist",
			);
			name = "[CP] Embed Pods Frameworks";
			outputFileListPaths = (
				"${PODS_ROOT}/Target Support Files/Pods-MessagingApplication/Pods-MessagingApplication-frameworks-${CONFIGURATION}-output-files.xcfilelist",
			);
			runOnlyForDeploymentPostprocessing = 0;
			shellPath = /bin/sh;
			shellScript = "\"${PODS_ROOT}/Target Support Files/Pods-MessagingApplication/Pods-MessagingApplication-frameworks.sh\"\n";
			showEnvVarsInLog = 0;
		};
		449FAB74553F90693C7F6DA1 /* [CP] Check Pods Manifest.lock */ = {
			isa = PBXShellScriptBuildPhase;
			buildActionMask = 2147483647;
			files = (
			);
			inputFileListPaths = (
			);
			inputPaths = (
				"${PODS_PODFILE_DIR_PATH}/Podfile.lock",
				"${PODS_ROOT}/Manifest.lock",
			);
			name = "[CP] Check Pods Manifest.lock";
			outputFileListPaths = (
			);
			outputPaths = (
				"$(DERIVED_FILE_DIR)/Pods-MessagingApplication-checkManifestLockResult.txt",
			);
			runOnlyForDeploymentPostprocessing = 0;
			shellPath = /bin/sh;
			shellScript = "diff \"${PODS_PODFILE_DIR_PATH}/Podfile.lock\" \"${PODS_ROOT}/Manifest.lock\" > /dev/null\nif [ $? != 0 ] ; then\n    # print error to STDERR\n    echo \"error: The sandbox is not in sync with the Podfile.lock. Run 'pod install' or update your CocoaPods installation.\" >&2\n    exit 1\nfi\n# This output is used by Xcode 'outputs' to avoid re-running this script phase.\necho \"SUCCESS\" > \"${SCRIPT_OUTPUT_FILE_0}\"\n";
			showEnvVarsInLog = 0;
		};
/* End PBXShellScriptBuildPhase section */

/* Begin PBXSourcesBuildPhase section */
		02707E7F28380ED7006693C6 /* Sources */ = {
			isa = PBXSourcesBuildPhase;
			buildActionMask = 2147483647;
			files = (
				02707E8B28380ED7006693C6 /* LoginViewController.swift in Sources */,
				02707E9128380ED7006693C6 /* MessagingApplication.xcdatamodeld in Sources */,
				02707E8728380ED7006693C6 /* AppDelegate.swift in Sources */,
				0230F305283FC9C20078165D /* ChatViewController.swift in Sources */,
				02707E8928380ED7006693C6 /* SceneDelegate.swift in Sources */,
			);
			runOnlyForDeploymentPostprocessing = 0;
		};
		02707E9828380ED9006693C6 /* Sources */ = {
			isa = PBXSourcesBuildPhase;
			buildActionMask = 2147483647;
			files = (
				02707EA128380ED9006693C6 /* MessagingApplicationTests.swift in Sources */,
			);
			runOnlyForDeploymentPostprocessing = 0;
		};
		02707EA228380ED9006693C6 /* Sources */ = {
			isa = PBXSourcesBuildPhase;
			buildActionMask = 2147483647;
			files = (
				02707EAD28380ED9006693C6 /* MessagingApplicationUITestsLaunchTests.swift in Sources */,
				02707EAB28380ED9006693C6 /* MessagingApplicationUITests.swift in Sources */,
			);
			runOnlyForDeploymentPostprocessing = 0;
		};
/* End PBXSourcesBuildPhase section */

/* Begin PBXTargetDependency section */
		02707E9E28380ED9006693C6 /* PBXTargetDependency */ = {
			isa = PBXTargetDependency;
			target = 02707E8228380ED7006693C6 /* MessagingApplication */;
			targetProxy = 02707E9D28380ED9006693C6 /* PBXContainerItemProxy */;
		};
		02707EA828380ED9006693C6 /* PBXTargetDependency */ = {
			isa = PBXTargetDependency;
			target = 02707E8228380ED7006693C6 /* MessagingApplication */;
			targetProxy = 02707EA728380ED9006693C6 /* PBXContainerItemProxy */;
		};
/* End PBXTargetDependency section */

/* Begin PBXVariantGroup section */
		02707E8C28380ED7006693C6 /* Main.storyboard */ = {
			isa = PBXVariantGroup;
			children = (
				02707E8D28380ED7006693C6 /* Base */,
			);
			name = Main.storyboard;
			sourceTree = "<group>";
		};
		02707E9428380ED9006693C6 /* LaunchScreen.storyboard */ = {
			isa = PBXVariantGroup;
			children = (
				02707E9528380ED9006693C6 /* Base */,
			);
			name = LaunchScreen.storyboard;
			sourceTree = "<group>";
		};
/* End PBXVariantGroup section */

/* Begin XCBuildConfiguration section */
		02707EAE28380ED9006693C6 /* Debug */ = {
			isa = XCBuildConfiguration;
			buildSettings = {
				ALWAYS_SEARCH_USER_PATHS = NO;
				CLANG_ANALYZER_NONNULL = YES;
				CLANG_ANALYZER_NUMBER_OBJECT_CONVERSION = YES_AGGRESSIVE;
				CLANG_CXX_LANGUAGE_STANDARD = "gnu++17";
				CLANG_ENABLE_MODULES = YES;
				CLANG_ENABLE_OBJC_ARC = YES;
				CLANG_ENABLE_OBJC_WEAK = YES;
				CLANG_WARN_BLOCK_CAPTURE_AUTORELEASING = YES;
				CLANG_WARN_BOOL_CONVERSION = YES;
				CLANG_WARN_COMMA = YES;
				CLANG_WARN_CONSTANT_CONVERSION = YES;
				CLANG_WARN_DEPRECATED_OBJC_IMPLEMENTATIONS = YES;
				CLANG_WARN_DIRECT_OBJC_ISA_USAGE = YES_ERROR;
				CLANG_WARN_DOCUMENTATION_COMMENTS = YES;
				CLANG_WARN_EMPTY_BODY = YES;
				CLANG_WARN_ENUM_CONVERSION = YES;
				CLANG_WARN_INFINITE_RECURSION = YES;
				CLANG_WARN_INT_CONVERSION = YES;
				CLANG_WARN_NON_LITERAL_NULL_CONVERSION = YES;
				CLANG_WARN_OBJC_IMPLICIT_RETAIN_SELF = YES;
				CLANG_WARN_OBJC_LITERAL_CONVERSION = YES;
				CLANG_WARN_OBJC_ROOT_CLASS = YES_ERROR;
				CLANG_WARN_QUOTED_INCLUDE_IN_FRAMEWORK_HEADER = YES;
				CLANG_WARN_RANGE_LOOP_ANALYSIS = YES;
				CLANG_WARN_STRICT_PROTOTYPES = YES;
				CLANG_WARN_SUSPICIOUS_MOVE = YES;
				CLANG_WARN_UNGUARDED_AVAILABILITY = YES_AGGRESSIVE;
				CLANG_WARN_UNREACHABLE_CODE = YES;
				CLANG_WARN__DUPLICATE_METHOD_MATCH = YES;
				COPY_PHASE_STRIP = NO;
				DEBUG_INFORMATION_FORMAT = dwarf;
				ENABLE_STRICT_OBJC_MSGSEND = YES;
				ENABLE_TESTABILITY = YES;
				GCC_C_LANGUAGE_STANDARD = gnu11;
				GCC_DYNAMIC_NO_PIC = NO;
				GCC_NO_COMMON_BLOCKS = YES;
				GCC_OPTIMIZATION_LEVEL = 0;
				GCC_PREPROCESSOR_DEFINITIONS = (
					"DEBUG=1",
					"$(inherited)",
				);
				GCC_WARN_64_TO_32_BIT_CONVERSION = YES;
				GCC_WARN_ABOUT_RETURN_TYPE = YES_ERROR;
				GCC_WARN_UNDECLARED_SELECTOR = YES;
				GCC_WARN_UNINITIALIZED_AUTOS = YES_AGGRESSIVE;
				GCC_WARN_UNUSED_FUNCTION = YES;
				GCC_WARN_UNUSED_VARIABLE = YES;
				IPHONEOS_DEPLOYMENT_TARGET = 15.4;
				MTL_ENABLE_DEBUG_INFO = INCLUDE_SOURCE;
				MTL_FAST_MATH = YES;
				ONLY_ACTIVE_ARCH = YES;
				SDKROOT = iphoneos;
				SWIFT_ACTIVE_COMPILATION_CONDITIONS = DEBUG;
				SWIFT_OPTIMIZATION_LEVEL = "-Onone";
			};
			name = Debug;
		};
		02707EAF28380ED9006693C6 /* Release */ = {
			isa = XCBuildConfiguration;
			buildSettings = {
				ALWAYS_SEARCH_USER_PATHS = NO;
				CLANG_ANALYZER_NONNULL = YES;
				CLANG_ANALYZER_NUMBER_OBJECT_CONVERSION = YES_AGGRESSIVE;
				CLANG_CXX_LANGUAGE_STANDARD = "gnu++17";
				CLANG_ENABLE_MODULES = YES;
				CLANG_ENABLE_OBJC_ARC = YES;
				CLANG_ENABLE_OBJC_WEAK = YES;
				CLANG_WARN_BLOCK_CAPTURE_AUTORELEASING = YES;
				CLANG_WARN_BOOL_CONVERSION = YES;
				CLANG_WARN_COMMA = YES;
				CLANG_WARN_CONSTANT_CONVERSION = YES;
				CLANG_WARN_DEPRECATED_OBJC_IMPLEMENTATIONS = YES;
				CLANG_WARN_DIRECT_OBJC_ISA_USAGE = YES_ERROR;
				CLANG_WARN_DOCUMENTATION_COMMENTS = YES;
				CLANG_WARN_EMPTY_BODY = YES;
				CLANG_WARN_ENUM_CONVERSION = YES;
				CLANG_WARN_INFINITE_RECURSION = YES;
				CLANG_WARN_INT_CONVERSION = YES;
				CLANG_WARN_NON_LITERAL_NULL_CONVERSION = YES;
				CLANG_WARN_OBJC_IMPLICIT_RETAIN_SELF = YES;
				CLANG_WARN_OBJC_LITERAL_CONVERSION = YES;
				CLANG_WARN_OBJC_ROOT_CLASS = YES_ERROR;
				CLANG_WARN_QUOTED_INCLUDE_IN_FRAMEWORK_HEADER = YES;
				CLANG_WARN_RANGE_LOOP_ANALYSIS = YES;
				CLANG_WARN_STRICT_PROTOTYPES = YES;
				CLANG_WARN_SUSPICIOUS_MOVE = YES;
				CLANG_WARN_UNGUARDED_AVAILABILITY = YES_AGGRESSIVE;
				CLANG_WARN_UNREACHABLE_CODE = YES;
				CLANG_WARN__DUPLICATE_METHOD_MATCH = YES;
				COPY_PHASE_STRIP = NO;
				DEBUG_INFORMATION_FORMAT = "dwarf-with-dsym";
				ENABLE_NS_ASSERTIONS = NO;
				ENABLE_STRICT_OBJC_MSGSEND = YES;
				GCC_C_LANGUAGE_STANDARD = gnu11;
				GCC_NO_COMMON_BLOCKS = YES;
				GCC_WARN_64_TO_32_BIT_CONVERSION = YES;
				GCC_WARN_ABOUT_RETURN_TYPE = YES_ERROR;
				GCC_WARN_UNDECLARED_SELECTOR = YES;
				GCC_WARN_UNINITIALIZED_AUTOS = YES_AGGRESSIVE;
				GCC_WARN_UNUSED_FUNCTION = YES;
				GCC_WARN_UNUSED_VARIABLE = YES;
				IPHONEOS_DEPLOYMENT_TARGET = 15.4;
				MTL_ENABLE_DEBUG_INFO = NO;
				MTL_FAST_MATH = YES;
				SDKROOT = iphoneos;
				SWIFT_COMPILATION_MODE = wholemodule;
				SWIFT_OPTIMIZATION_LEVEL = "-O";
				VALIDATE_PRODUCT = YES;
			};
			name = Release;
		};
		02707EB128380ED9006693C6 /* Debug */ = {
			isa = XCBuildConfiguration;
			baseConfigurationReference = F6CAFCA4A3247AE0020D00BC /* Pods-MessagingApplication.debug.xcconfig */;
			buildSettings = {
				ASSETCATALOG_COMPILER_APPICON_NAME = AppIcon;
				ASSETCATALOG_COMPILER_GLOBAL_ACCENT_COLOR_NAME = AccentColor;
				CODE_SIGN_STYLE = Automatic;
				CURRENT_PROJECT_VERSION = 1;
				DEVELOPMENT_TEAM = MATXCB43ZT;
				GENERATE_INFOPLIST_FILE = YES;
				INFOPLIST_FILE = MessagingApplication/Info.plist;
				INFOPLIST_KEY_UIApplicationSupportsIndirectInputEvents = YES;
				INFOPLIST_KEY_UILaunchStoryboardName = LaunchScreen;
				INFOPLIST_KEY_UIMainStoryboardFile = Main;
				INFOPLIST_KEY_UISupportedInterfaceOrientations_iPad = "UIInterfaceOrientationPortrait UIInterfaceOrientationPortraitUpsideDown UIInterfaceOrientationLandscapeLeft UIInterfaceOrientationLandscapeRight";
				INFOPLIST_KEY_UISupportedInterfaceOrientations_iPhone = "UIInterfaceOrientationPortrait UIInterfaceOrientationLandscapeLeft UIInterfaceOrientationLandscapeRight";
				LD_RUNPATH_SEARCH_PATHS = (
					"$(inherited)",
					"@executable_path/Frameworks",
				);
				MARKETING_VERSION = 1.0;
				PRODUCT_BUNDLE_IDENTIFIER = Shadow.MessagingApplication;
				PRODUCT_NAME = "$(TARGET_NAME)";
				SWIFT_EMIT_LOC_STRINGS = YES;
				SWIFT_VERSION = 5.0;
				TARGETED_DEVICE_FAMILY = "1,2";
			};
			name = Debug;
		};
		02707EB228380ED9006693C6 /* Release */ = {
			isa = XCBuildConfiguration;
			baseConfigurationReference = 1FAD5A52DD43EF93284E4530 /* Pods-MessagingApplication.release.xcconfig */;
			buildSettings = {
				ASSETCATALOG_COMPILER_APPICON_NAME = AppIcon;
				ASSETCATALOG_COMPILER_GLOBAL_ACCENT_COLOR_NAME = AccentColor;
				CODE_SIGN_STYLE = Automatic;
				CURRENT_PROJECT_VERSION = 1;
				DEVELOPMENT_TEAM = MATXCB43ZT;
				GENERATE_INFOPLIST_FILE = YES;
				INFOPLIST_FILE = MessagingApplication/Info.plist;
				INFOPLIST_KEY_UIApplicationSupportsIndirectInputEvents = YES;
				INFOPLIST_KEY_UILaunchStoryboardName = LaunchScreen;
				INFOPLIST_KEY_UIMainStoryboardFile = Main;
				INFOPLIST_KEY_UISupportedInterfaceOrientations_iPad = "UIInterfaceOrientationPortrait UIInterfaceOrientationPortraitUpsideDown UIInterfaceOrientationLandscapeLeft UIInterfaceOrientationLandscapeRight";
				INFOPLIST_KEY_UISupportedInterfaceOrientations_iPhone = "UIInterfaceOrientationPortrait UIInterfaceOrientationLandscapeLeft UIInterfaceOrientationLandscapeRight";
				LD_RUNPATH_SEARCH_PATHS = (
					"$(inherited)",
					"@executable_path/Frameworks",
				);
				MARKETING_VERSION = 1.0;
				PRODUCT_BUNDLE_IDENTIFIER = Shadow.MessagingApplication;
				PRODUCT_NAME = "$(TARGET_NAME)";
				SWIFT_EMIT_LOC_STRINGS = YES;
				SWIFT_VERSION = 5.0;
				TARGETED_DEVICE_FAMILY = "1,2";
			};
			name = Release;
		};
		02707EB428380ED9006693C6 /* Debug */ = {
			isa = XCBuildConfiguration;
			buildSettings = {
				ALWAYS_EMBED_SWIFT_STANDARD_LIBRARIES = YES;
				BUNDLE_LOADER = "$(TEST_HOST)";
				CODE_SIGN_STYLE = Automatic;
				CURRENT_PROJECT_VERSION = 1;
				DEVELOPMENT_TEAM = MATXCB43ZT;
				GENERATE_INFOPLIST_FILE = YES;
				IPHONEOS_DEPLOYMENT_TARGET = 15.4;
				MARKETING_VERSION = 1.0;
				PRODUCT_BUNDLE_IDENTIFIER = Shadow.MessagingApplicationTests;
				PRODUCT_NAME = "$(TARGET_NAME)";
				SWIFT_EMIT_LOC_STRINGS = NO;
				SWIFT_VERSION = 5.0;
				TARGETED_DEVICE_FAMILY = "1,2";
				TEST_HOST = "$(BUILT_PRODUCTS_DIR)/MessagingApplication.app/MessagingApplication";
			};
			name = Debug;
		};
		02707EB528380ED9006693C6 /* Release */ = {
			isa = XCBuildConfiguration;
			buildSettings = {
				ALWAYS_EMBED_SWIFT_STANDARD_LIBRARIES = YES;
				BUNDLE_LOADER = "$(TEST_HOST)";
				CODE_SIGN_STYLE = Automatic;
				CURRENT_PROJECT_VERSION = 1;
				DEVELOPMENT_TEAM = MATXCB43ZT;
				GENERATE_INFOPLIST_FILE = YES;
				IPHONEOS_DEPLOYMENT_TARGET = 15.4;
				MARKETING_VERSION = 1.0;
				PRODUCT_BUNDLE_IDENTIFIER = Shadow.MessagingApplicationTests;
				PRODUCT_NAME = "$(TARGET_NAME)";
				SWIFT_EMIT_LOC_STRINGS = NO;
				SWIFT_VERSION = 5.0;
				TARGETED_DEVICE_FAMILY = "1,2";
				TEST_HOST = "$(BUILT_PRODUCTS_DIR)/MessagingApplication.app/MessagingApplication";
			};
			name = Release;
		};
		02707EB728380ED9006693C6 /* Debug */ = {
			isa = XCBuildConfiguration;
			buildSettings = {
				ALWAYS_EMBED_SWIFT_STANDARD_LIBRARIES = YES;
				CODE_SIGN_STYLE = Automatic;
				CURRENT_PROJECT_VERSION = 1;
				DEVELOPMENT_TEAM = MATXCB43ZT;
				GENERATE_INFOPLIST_FILE = YES;
				MARKETING_VERSION = 1.0;
				PRODUCT_BUNDLE_IDENTIFIER = Shadow.MessagingApplicationUITests;
				PRODUCT_NAME = "$(TARGET_NAME)";
				SWIFT_EMIT_LOC_STRINGS = NO;
				SWIFT_VERSION = 5.0;
				TARGETED_DEVICE_FAMILY = "1,2";
				TEST_TARGET_NAME = MessagingApplication;
			};
			name = Debug;
		};
		02707EB828380ED9006693C6 /* Release */ = {
			isa = XCBuildConfiguration;
			buildSettings = {
				ALWAYS_EMBED_SWIFT_STANDARD_LIBRARIES = YES;
				CODE_SIGN_STYLE = Automatic;
				CURRENT_PROJECT_VERSION = 1;
				DEVELOPMENT_TEAM = MATXCB43ZT;
				GENERATE_INFOPLIST_FILE = YES;
				MARKETING_VERSION = 1.0;
				PRODUCT_BUNDLE_IDENTIFIER = Shadow.MessagingApplicationUITests;
				PRODUCT_NAME = "$(TARGET_NAME)";
				SWIFT_EMIT_LOC_STRINGS = NO;
				SWIFT_VERSION = 5.0;
				TARGETED_DEVICE_FAMILY = "1,2";
				TEST_TARGET_NAME = MessagingApplication;
			};
			name = Release;
		};
/* End XCBuildConfiguration section */

/* Begin XCConfigurationList section */
		02707E7E28380ED7006693C6 /* Build configuration list for PBXProject "MessagingApplication" */ = {
			isa = XCConfigurationList;
			buildConfigurations = (
				02707EAE28380ED9006693C6 /* Debug */,
				02707EAF28380ED9006693C6 /* Release */,
			);
			defaultConfigurationIsVisible = 0;
			defaultConfigurationName = Release;
		};
		02707EB028380ED9006693C6 /* Build configuration list for PBXNativeTarget "MessagingApplication" */ = {
			isa = XCConfigurationList;
			buildConfigurations = (
				02707EB128380ED9006693C6 /* Debug */,
				02707EB228380ED9006693C6 /* Release */,
			);
			defaultConfigurationIsVisible = 0;
			defaultConfigurationName = Release;
		};
		02707EB328380ED9006693C6 /* Build configuration list for PBXNativeTarget "MessagingApplicationTests" */ = {
			isa = XCConfigurationList;
			buildConfigurations = (
				02707EB428380ED9006693C6 /* Debug */,
				02707EB528380ED9006693C6 /* Release */,
			);
			defaultConfigurationIsVisible = 0;
			defaultConfigurationName = Release;
		};
		02707EB628380ED9006693C6 /* Build configuration list for PBXNativeTarget "MessagingApplicationUITests" */ = {
			isa = XCConfigurationList;
			buildConfigurations = (
				02707EB728380ED9006693C6 /* Debug */,
				02707EB828380ED9006693C6 /* Release */,
			);
			defaultConfigurationIsVisible = 0;
			defaultConfigurationName = Release;
		};
/* End XCConfigurationList section */

/* Begin XCRemoteSwiftPackageReference section */
		02849E342846A8C000FC9668 /* XCRemoteSwiftPackageReference "MessageKit" */ = {
			isa = XCRemoteSwiftPackageReference;
			repositoryURL = "https://github.com/MessageKit/MessageKit";
			requirement = {
				kind = upToNextMajorVersion;
				minimumVersion = 3.0.0;
			};
		};
/* End XCRemoteSwiftPackageReference section */

/* Begin XCSwiftPackageProductDependency section */
		02849E352846A8C000FC9668 /* MessageKit */ = {
			isa = XCSwiftPackageProductDependency;
			package = 02849E342846A8C000FC9668 /* XCRemoteSwiftPackageReference "MessageKit" */;
			productName = MessageKit;
		};
/* End XCSwiftPackageProductDependency section */

/* Begin XCVersionGroup section */
		02707E8F28380ED7006693C6 /* MessagingApplication.xcdatamodeld */ = {
			isa = XCVersionGroup;
			children = (
				02707E9028380ED7006693C6 /* MessagingApplication.xcdatamodel */,
			);
			currentVersion = 02707E9028380ED7006693C6 /* MessagingApplication.xcdatamodel */;
			path = MessagingApplication.xcdatamodeld;
			sourceTree = "<group>";
			versionGroupType = wrapper.xcdatamodel;
		};
/* End XCVersionGroup section */
	};
	rootObject = 02707E7B28380ED7006693C6 /* Project object */;
}
